
Microsoft Visual Studio Solution File, Format Version 12.00
# Visual Studio Version 17
VisualStudioVersion = 17.9.34616.47
MinimumVisualStudioVersion = 10.0.40219.1
Project("{9A19103F-16F7-4668-BE54-9A1E7A4F7556}") = "MovieApp", "MovieApp\MovieApp.csproj", "{1AA20598-0D37-495D-86A0-130F2FE30F08}"
EndProject
Project("{9A19103F-16F7-4668-BE54-9A1E7A4F7556}") = "MovieLibraryEntities", "MovieLibraryEntities\MovieLibraryEntities.csproj", "{27177184-7229-401E-A2C1-53C99BDEDB05}"
EndProject
Global
	GlobalSection(SolutionConfigurationPlatforms) = preSolution
		Debug|Any CPU = Debug|Any CPU
		Release|Any CPU = Release|Any CPU
	EndGlobalSection
	GlobalSection(ProjectConfigurationPlatforms) = postSolution
		{1AA20598-0D37-495D-86A0-130F2FE30F08}.Debug|Any CPU.ActiveCfg = Debug|Any CPU
		{1AA20598-0D37-495D-86A0-130F2FE30F08}.Debug|Any CPU.Build.0 = Debug|Any CPU
		{1AA20598-0D37-495D-86A0-130F2FE30F08}.Release|Any CPU.ActiveCfg = Release|Any CPU
		{1AA20598-0D37-495D-86A0-130F2FE30F08}.Release|Any CPU.Build.0 = Release|Any CPU
		{27177184-7229-401E-A2C1-53C99BDEDB05}.Debug|Any CPU.ActiveCfg = Debug|Any CPU
		{27177184-7229-401E-A2C1-53C99BDEDB05}.Debug|Any CPU.Build.0 = Debug|Any CPU
		{27177184-7229-401E-A2C1-53C99BDEDB05}.Release|Any CPU.ActiveCfg = Release|Any CPU
		{27177184-7229-401E-A2C1-53C99BDEDB05}.Release|Any CPU.Build.0 = Release|Any CPU
	EndGlobalSection
	GlobalSection(SolutionProperties) = preSolution
		HideSolutionNode = FALSE
	EndGlobalSection
	GlobalSection(ExtensibilityGlobals) = postSolution
		SolutionGuid = {E6052414-7788-48AD-A73C-C550BE2ED5EC}
	EndGlobalSection
EndGlobal
